
Microsoft Visual Studio Solution File, Format Version 12.00
# Visual Studio 2012
Project("{8BC9CEB8-8B4A-11D0-8D11-00A0C91BC942}") = "SRHProgrammierung1", "SRHProgrammierung1.vcxproj", "{E15333A6-C03E-4941-9D13-3952C6315474}"
EndProject
Global
	GlobalSection(SolutionConfigurationPlatforms) = preSolution
		Debug|Win32 = Debug|Win32
		Release|Win32 = Release|Win32
	EndGlobalSection
	GlobalSection(ProjectConfigurationPlatforms) = postSolution
		{E15333A6-C03E-4941-9D13-3952C6315474}.Debug|Win32.ActiveCfg = Debug|Win32
		{E15333A6-C03E-4941-9D13-3952C6315474}.Debug|Win32.Build.0 = Debug|Win32
		{E15333A6-C03E-4941-9D13-3952C6315474}.Release|Win32.ActiveCfg = Release|Win32
		{E15333A6-C03E-4941-9D13-3952C6315474}.Release|Win32.Build.0 = Release|Win32
	EndGlobalSection
	GlobalSection(SolutionProperties) = preSolution
		HideSolutionNode = FALSE
	EndGlobalSection
EndGlobal
