<?xml version="1.0" encoding="utf-8"?>
<Project ToolsVersion="4.0" xmlns="http://schemas.microsoft.com/developer/msbuild/2003">
  <ItemGroup>
    <Filter Include="Source Files">
      <UniqueIdentifier>{4FC737F1-C7A5-4376-A066-2A32D752A2FF}</UniqueIdentifier>
      <Extensions>cpp;c;cc;cxx;def;odl;idl;hpj;bat;asm;asmx</Extensions>
    </Filter>
    <Filter Include="Header Files">
      <UniqueIdentifier>{93995380-89BD-4b04-88EB-625FBE52EBFB}</UniqueIdentifier>
      <Extensions>h;hpp;hxx;hm;inl;inc;xsd</Extensions>
    </Filter>
    <Filter Include="Game">
      <UniqueIdentifier>{ffafed91-ab19-4c49-b69d-d2f8fbe7e62b}</UniqueIdentifier>
    </Filter>
  </ItemGroup>
  <ItemGroup>
    <ClInclude Include="include\SRHWindow.h">
      <Filter>Header Files</Filter>
    </ClInclude>
    <ClInclude Include="include\SRHGlobals.h">
      <Filter>Header Files</Filter>
    </ClInclude>
    <ClInclude Include="include\SRHExceptions.h">
      <Filter>Header Files</Filter>
    </ClInclude>
    <ClInclude Include="include\SRHGraphics.h">
      <Filter>Header Files</Filter>
    </ClInclude>
    <ClInclude Include="include\SRHGui.h">
      <Filter>Header Files</Filter>
    </ClInclude>
    <ClInclude Include="include\SRHIncludes.h">
      <Filter>Header Files</Filter>
    </ClInclude>
    <ClInclude Include="include\SRHGame.h">
      <Filter>Header Files</Filter>
    </ClInclude>
    <ClInclude Include="include\GameHandler.h">
      <Filter>Game</Filter>
    </ClInclude>
    <ClInclude Include="include\GameGlobals.h">
      <Filter>Game</Filter>
    </ClInclude>
    <ClInclude Include="include\GameTypes.h">
      <Filter>Game</Filter>
    </ClInclude>
    <ClInclude Include="include\GameMath.h">
      <Filter>Game</Filter>
    </ClInclude>
    <ClInclude Include="include\GameDrawFunctions.h">
      <Filter>Game</Filter>
    </ClInclude>
    <ClInclude Include="include\GameMouseFunctions.h">
      <Filter>Game</Filter>
    </ClInclude>
    <ClInclude Include="include\GameUpdateFunctions.h">
      <Filter>Game</Filter>
    </ClInclude>
    <ClInclude Include="include\GameLevelLoader.h">
      <Filter>Game</Filter>
    </ClInclude>
    <ClInclude Include="include\GameMenuFunctions.h">
      <Filter>Game</Filter>
    </ClInclude>
    <ClInclude Include="include\GameItemHandler.h">
      <Filter>Game</Filter>
    </ClInclude>
    <ClInclude Include="include\GameMessageBox.h">
      <Filter>Game</Filter>
    </ClInclude>
    <ClInclude Include="include\SRHCustomTypes.h">
      <Filter>Header Files</Filter>
    </ClInclude>
    <ClInclude Include="include\GameTrigger.h">
      <Filter>Game</Filter>
    </ClInclude>
  </ItemGroup>
  <ItemGroup>
    <ClCompile Include="src\SRHWindow.cpp">
      <Filter>Source Files</Filter>
    </ClCompile>
    <ClCompile Include="src\SRHExceptions.cpp">
      <Filter>Source Files</Filter>
    </ClCompile>
    <ClCompile Include="src\SRHGraphics.cpp">
      <Filter>Source Files</Filter>
    </ClCompile>
    <ClCompile Include="src\SRHGlobals.cpp">
      <Filter>Source Files</Filter>
    </ClCompile>
    <ClCompile Include="src\SRHGui.cpp">
      <Filter>Source Files</Filter>
    </ClCompile>
    <ClCompile Include="src\SRHGame.cpp">
      <Filter>Source Files</Filter>
    </ClCompile>
    <ClCompile Include="src\main.cpp">
      <Filter>Game</Filter>
    </ClCompile>
    <ClCompile Include="src\GameDrawFunctions.cpp">
      <Filter>Game</Filter>
    </ClCompile>
    <ClCompile Include="src\GameGlobals.cpp">
      <Filter>Game</Filter>
    </ClCompile>
    <ClCompile Include="src\GameHandler.cpp">
      <Filter>Game</Filter>
    </ClCompile>
    <ClCompile Include="src\GameMath.cpp">
      <Filter>Game</Filter>
    </ClCompile>
    <ClCompile Include="src\GameItemHandler.cpp">
      <Filter>Game</Filter>
    </ClCompile>
    <ClCompile Include="src\GameMessageBox.cpp">
      <Filter>Game</Filter>
    </ClCompile>
    <ClCompile Include="src\GameTrigger.cpp">
      <Filter>Game</Filter>
    </ClCompile>
    <ClCompile Include="src\GameLevelLoader.cpp">
      <Filter>Game</Filter>
    </ClCompile>
    <ClCompile Include="src\GameMenuFunctions.cpp">
      <Filter>Game</Filter>
    </ClCompile>
    <ClCompile Include="src\GameMouseFunctions.cpp">
      <Filter>Game</Filter>
    </ClCompile>
    <ClCompile Include="src\GameUpdateFunctions.cpp">
      <Filter>Game</Filter>
    </ClCompile>
  </ItemGroup>
</Project>